
Microsoft Visual Studio Solution File, Format Version 12.00
# Visual Studio Version 16
VisualStudioVersion = 16.0.31911.196
MinimumVisualStudioVersion = 10.0.40219.1
Project("{FAE04EC0-301F-11D3-BF4B-00C04F79EFBC}") = "BubbleSort", "BubbleSort\BubbleSort.csproj", "{B3B04384-CACB-4F3C-BB9F-F5A67F4133A8}"
EndProject
Global
	GlobalSection(SolutionConfigurationPlatforms) = preSolution
		Debug|Any CPU = Debug|Any CPU
		Release|Any CPU = Release|Any CPU
	EndGlobalSection
	GlobalSection(ProjectConfigurationPlatforms) = postSolution
		{B3B04384-CACB-4F3C-BB9F-F5A67F4133A8}.Debug|Any CPU.ActiveCfg = Debug|Any CPU
		{B3B04384-CACB-4F3C-BB9F-F5A67F4133A8}.Debug|Any CPU.Build.0 = Debug|Any CPU
		{B3B04384-CACB-4F3C-BB9F-F5A67F4133A8}.Release|Any CPU.ActiveCfg = Release|Any CPU
		{B3B04384-CACB-4F3C-BB9F-F5A67F4133A8}.Release|Any CPU.Build.0 = Release|Any CPU
	EndGlobalSection
	GlobalSection(SolutionProperties) = preSolution
		HideSolutionNode = FALSE
	EndGlobalSection
	GlobalSection(ExtensibilityGlobals) = postSolution
		SolutionGuid = {566E0FF4-223B-49AE-98ED-5573F7D73704}
	EndGlobalSection
EndGlobal
